
Microsoft Visual Studio Solution File, Format Version 12.00
# Visual Studio Version 16
VisualStudioVersion = 16.0.31613.86
MinimumVisualStudioVersion = 10.0.40219.1
Project("{FAE04EC0-301F-11D3-BF4B-00C04F79EFBC}") = "Core", "Core\Core.csproj", "{CDAD0D11-36F1-4470-8DEF-B38456040B32}"
EndProject
Project("{FAE04EC0-301F-11D3-BF4B-00C04F79EFBC}") = "Entity", "Entity\Entity.csproj", "{E97D013B-3DBD-4E7F-895C-172298917620}"
EndProject
Project("{FAE04EC0-301F-11D3-BF4B-00C04F79EFBC}") = "DataAccess", "DataAccess\DataAccess.csproj", "{7DFC39B1-9665-4A84-B150-CCCEE9F322A4}"
EndProject
Project("{FAE04EC0-301F-11D3-BF4B-00C04F79EFBC}") = "Business", "Business\Business.csproj", "{7183DEEA-0C3F-4703-A43D-328C4C03B418}"
EndProject
Project("{FAE04EC0-301F-11D3-BF4B-00C04F79EFBC}") = "MentorApi", "MentorApi\MentorApi.csproj", "{DD8D3ED3-DCC5-4E4E-9EB1-93E5777B35CD}"
EndProject
Global
	GlobalSection(SolutionConfigurationPlatforms) = preSolution
		Debug|Any CPU = Debug|Any CPU
		Release|Any CPU = Release|Any CPU
	EndGlobalSection
	GlobalSection(ProjectConfigurationPlatforms) = postSolution
		{CDAD0D11-36F1-4470-8DEF-B38456040B32}.Debug|Any CPU.ActiveCfg = Debug|Any CPU
		{CDAD0D11-36F1-4470-8DEF-B38456040B32}.Debug|Any CPU.Build.0 = Debug|Any CPU
		{CDAD0D11-36F1-4470-8DEF-B38456040B32}.Release|Any CPU.ActiveCfg = Release|Any CPU
		{CDAD0D11-36F1-4470-8DEF-B38456040B32}.Release|Any CPU.Build.0 = Release|Any CPU
		{E97D013B-3DBD-4E7F-895C-172298917620}.Debug|Any CPU.ActiveCfg = Debug|Any CPU
		{E97D013B-3DBD-4E7F-895C-172298917620}.Debug|Any CPU.Build.0 = Debug|Any CPU
		{E97D013B-3DBD-4E7F-895C-172298917620}.Release|Any CPU.ActiveCfg = Release|Any CPU
		{E97D013B-3DBD-4E7F-895C-172298917620}.Release|Any CPU.Build.0 = Release|Any CPU
		{7DFC39B1-9665-4A84-B150-CCCEE9F322A4}.Debug|Any CPU.ActiveCfg = Debug|Any CPU
		{7DFC39B1-9665-4A84-B150-CCCEE9F322A4}.Debug|Any CPU.Build.0 = Debug|Any CPU
		{7DFC39B1-9665-4A84-B150-CCCEE9F322A4}.Release|Any CPU.ActiveCfg = Release|Any CPU
		{7DFC39B1-9665-4A84-B150-CCCEE9F322A4}.Release|Any CPU.Build.0 = Release|Any CPU
		{7183DEEA-0C3F-4703-A43D-328C4C03B418}.Debug|Any CPU.ActiveCfg = Debug|Any CPU
		{7183DEEA-0C3F-4703-A43D-328C4C03B418}.Debug|Any CPU.Build.0 = Debug|Any CPU
		{7183DEEA-0C3F-4703-A43D-328C4C03B418}.Release|Any CPU.ActiveCfg = Release|Any CPU
		{7183DEEA-0C3F-4703-A43D-328C4C03B418}.Release|Any CPU.Build.0 = Release|Any CPU
		{DD8D3ED3-DCC5-4E4E-9EB1-93E5777B35CD}.Debug|Any CPU.ActiveCfg = Debug|Any CPU
		{DD8D3ED3-DCC5-4E4E-9EB1-93E5777B35CD}.Debug|Any CPU.Build.0 = Debug|Any CPU
		{DD8D3ED3-DCC5-4E4E-9EB1-93E5777B35CD}.Release|Any CPU.ActiveCfg = Release|Any CPU
		{DD8D3ED3-DCC5-4E4E-9EB1-93E5777B35CD}.Release|Any CPU.Build.0 = Release|Any CPU
	EndGlobalSection
	GlobalSection(SolutionProperties) = preSolution
		HideSolutionNode = FALSE
	EndGlobalSection
	GlobalSection(ExtensibilityGlobals) = postSolution
		SolutionGuid = {C7BB0914-E0CE-407B-963E-0C571AA82952}
	EndGlobalSection
EndGlobal
